
Microsoft Visual Studio Solution File, Format Version 12.00
# Visual Studio Version 17
VisualStudioVersion = 17.13.35913.81 d17.13
MinimumVisualStudioVersion = 10.0.40219.1
Project("{FAE04EC0-301F-11D3-BF4B-00C04F79EFBC}") = "ZKConnector", "ZKConnector\ZKConnector.csproj", "{88A8C0B8-8994-408C-9863-7E4172A1B1BB}"
EndProject
Global
	GlobalSection(SolutionConfigurationPlatforms) = preSolution
		Debug|Any CPU = Debug|Any CPU
		Release|Any CPU = Release|Any CPU
	EndGlobalSection
	GlobalSection(ProjectConfigurationPlatforms) = postSolution
		{88A8C0B8-8994-408C-9863-7E4172A1B1BB}.Debug|Any CPU.ActiveCfg = Debug|Any CPU
		{88A8C0B8-8994-408C-9863-7E4172A1B1BB}.Debug|Any CPU.Build.0 = Debug|Any CPU
		{88A8C0B8-8994-408C-9863-7E4172A1B1BB}.Release|Any CPU.ActiveCfg = Release|Any CPU
		{88A8C0B8-8994-408C-9863-7E4172A1B1BB}.Release|Any CPU.Build.0 = Release|Any CPU
	EndGlobalSection
	GlobalSection(SolutionProperties) = preSolution
		HideSolutionNode = FALSE
	EndGlobalSection
	GlobalSection(ExtensibilityGlobals) = postSolution
		SolutionGuid = {C3E184D7-0978-4961-91AD-A1A6634557B1}
	EndGlobalSection
EndGlobal
